<?xml version="1.0" encoding="utf-8"?>
<Project xmlns="http://schemas.microsoft.com/developer/msbuild/2003">
  <ItemGroup>
    <Filter Include="Generated Files">
      <UniqueIdentifier>{71ED8ED8-ACB9-4CE9-BBE1-E00B30144E11}</UniqueIdentifier>
      <Extensions>cpp;c;cxx;moc;h;def;odl;idl;res;</Extensions>
    </Filter>
    <Filter Include="Generated Files">
      <UniqueIdentifier>{71ED8ED8-ACB9-4CE9-BBE1-E00B30144E11}</UniqueIdentifier>
      <Extensions>cpp;c;cxx;moc;h;def;odl;idl;res;</Extensions>
    </Filter>
    <Filter Include="Header Files">
      <UniqueIdentifier>{93995380-89BD-4b04-88EB-625FBE52EBFB}</UniqueIdentifier>
      <Extensions>h;hpp;hxx;hm;inl;inc;xsd</Extensions>
    </Filter>
    <Filter Include="Header Files">
      <UniqueIdentifier>{93995380-89BD-4b04-88EB-625FBE52EBFB}</UniqueIdentifier>
      <Extensions>h;hpp;hxx;hm;inl;inc;xsd</Extensions>
    </Filter>
    <Filter Include="Resource Files">
      <UniqueIdentifier>{D9D6E242-F8AF-46E4-B9FD-80ECBC20BA3E}</UniqueIdentifier>
      <Extensions>qrc;*</Extensions>
      <ParseFiles>false</ParseFiles>
    </Filter>
    <Filter Include="Resource Files">
      <UniqueIdentifier>{D9D6E242-F8AF-46E4-B9FD-80ECBC20BA3E}</UniqueIdentifier>
      <Extensions>qrc;*</Extensions>
      <ParseFiles>false</ParseFiles>
    </Filter>
    <Filter Include="Source Files">
      <UniqueIdentifier>{4FC737F1-C7A5-4376-A066-2A32D752A2FF}</UniqueIdentifier>
      <Extensions>cpp;c;cxx;def;odl;idl;hpj;bat;asm;asmx</Extensions>
    </Filter>
    <Filter Include="Source Files">
      <UniqueIdentifier>{4FC737F1-C7A5-4376-A066-2A32D752A2FF}</UniqueIdentifier>
      <Extensions>cpp;c;cxx;def;odl;idl;hpj;bat;asm;asmx</Extensions>
    </Filter>
  </ItemGroup>
  <ItemGroup>
    <ClCompile Include="aboutdialog.cpp">
      <Filter>Source Files</Filter>
    </ClCompile>
    <ClCompile Include="gui\extractthread.cpp">
      <Filter>Source Files</Filter>
    </ClCompile>
    <ClCompile Include="gui\extractwizard.cpp">
      <Filter>Source Files</Filter>
    </ClCompile>
    <ClCompile Include="gui\filelistpage.cpp">
      <Filter>Source Files</Filter>
    </ClCompile>
    <ClCompile Include="helpdialog.cpp">
      <Filter>Source Files</Filter>
    </ClCompile>
    <ClCompile Include="imagetreeitem.cpp">
      <Filter>Source Files</Filter>
    </ClCompile>
    <ClCompile Include="gui\inputdirpage.cpp">
      <Filter>Source Files</Filter>
    </ClCompile>
    <ClCompile Include="licencedialog.cpp">
      <Filter>Source Files</Filter>
    </ClCompile>
    <ClCompile Include="main.cpp">
      <Filter>Source Files</Filter>
    </ClCompile>
    <ClCompile Include="mainwindow.cpp">
      <Filter>Source Files</Filter>
    </ClCompile>
    <ClCompile Include="gui\outputdirpage.cpp">
      <Filter>Source Files</Filter>
    </ClCompile>
    <ClCompile Include="gui\progresspage.cpp">
      <Filter>Source Files</Filter>
    </ClCompile>
    <ClCompile Include="sgbitmap.cpp">
      <Filter>Source Files</Filter>
    </ClCompile>
    <ClCompile Include="sgfile.cpp">
      <Filter>Source Files</Filter>
    </ClCompile>
    <ClCompile Include="sgimage.cpp">
      <Filter>Source Files</Filter>
    </ClCompile>
  </ItemGroup>
  <ItemGroup>
    <ClInclude Include="aboutdialog.h">
      <Filter>Header Files</Filter>
    </ClInclude>
    <QtMoc Include="gui\extractthread.h">
      <Filter>Header Files</Filter>
    </QtMoc>
    <QtMoc Include="gui\extractwizard.h">
      <Filter>Header Files</Filter>
    </QtMoc>
    <ClInclude Include="gui\filelistpage.h">
      <Filter>Header Files</Filter>
    </ClInclude>
    <ClInclude Include="helpdialog.h">
      <Filter>Header Files</Filter>
    </ClInclude>
    <ClInclude Include="imagetreeitem.h">
      <Filter>Header Files</Filter>
    </ClInclude>
    <QtMoc Include="gui\inputdirpage.h">
      <Filter>Header Files</Filter>
    </QtMoc>
    <ClInclude Include="licencedialog.h">
      <Filter>Header Files</Filter>
    </ClInclude>
    <QtMoc Include="mainwindow.h">
      <Filter>Header Files</Filter>
    </QtMoc>
    <QtMoc Include="gui\outputdirpage.h">
      <Filter>Header Files</Filter>
    </QtMoc>
    <QtMoc Include="gui\progresspage.h">
      <Filter>Header Files</Filter>
    </QtMoc>
    <ClInclude Include="sgbitmap.h">
      <Filter>Header Files</Filter>
    </ClInclude>
    <ClInclude Include="sgfile.h">
      <Filter>Header Files</Filter>
    </ClInclude>
    <ClInclude Include="sgimage.h">
      <Filter>Header Files</Filter>
    </ClInclude>
  </ItemGroup>
  <ItemGroup>
    
    
    
    
    
    <CustomBuild Include="build\moc\moc_predefs.h.cbt">
      <Filter>Generated Files</Filter>
    </CustomBuild>
    
    
  </ItemGroup>
  <ItemGroup>
    <None Include="icons\sgreader.png">
      <Filter>Resource Files</Filter>
    </None>
    <QtRcc Include="sgreader.qrc">
      <Filter>Resource Files</Filter>
    </QtRcc>
  </ItemGroup>
  <ItemGroup>
    <ResourceCompile Include="sgreader.rc" />
  </ItemGroup>
</Project>